{
  "name": "encrypt",
  "version": "1.0.0",
  "lockfileVersion": 2,
  "requires": true,
  "packages": {
    "": {
      "name": "encrypt",
      "version": "1.0.0",
      "license": "ISC",
      "dependencies": {
        "@aws-crypto/sha256-js": "^2.0.1"
      }
    },
    "node_modules/@aws-crypto/sha256-js": {
      "version": "2.0.1",
      "resolved": "https://registry.npmjs.org/@aws-crypto/sha256-js/-/sha256-js-2.0.1.tgz",
      "integrity": "sha512-mbHTBSPBvg6o/mN/c18Z/zifM05eJrapj5ggoOIeHIWckvkv5VgGi7r/wYpt+QAO2ySKXLNvH2d8L7bne4xrMQ==",
      "dependencies": {
        "@aws-crypto/util": "^2.0.1",
        "@aws-sdk/types": "^3.1.0",
        "tslib": "^1.11.1"
      }
    },
    "node_modules/@aws-crypto/util": {
      "version": "2.0.1",
      "resolved": "https://registry.npmjs.org/@aws-crypto/util/-/util-2.0.1.tgz",
      "integrity": "sha512-JJmFFwvbm08lULw4Nm5QOLg8+lAQeC8aCXK5xrtxntYzYXCGfHwUJ4Is3770Q7HmICsXthGQ+ZsDL7C2uH3yBQ==",
      "dependencies": {
        "@aws-sdk/types": "^3.1.0",
        "@aws-sdk/util-utf8-browser": "^3.0.0",
        "tslib": "^1.11.1"
      }
    },
    "node_modules/@aws-sdk/types": {
      "version": "3.52.0",
      "resolved": "https://registry.npmjs.org/@aws-sdk/types/-/types-3.52.0.tgz",
      "integrity": "sha512-5deI1v6Fr7/a+TT9hPuiy6I/L/7uJTda3q3DEvUd0CsGbBB/fcDXJg8jlnMHcmw7mkfP9vE553ZJQS3Cb0v4vg==",
      "engines": {
        "node": ">= 12.0.0"
      }
    },
    "node_modules/@aws-sdk/util-utf8-browser": {
      "version": "3.52.0",
      "resolved": "https://registry.npmjs.org/@aws-sdk/util-utf8-browser/-/util-utf8-browser-3.52.0.tgz",
      "integrity": "sha512-LuOMa9ajWu5fQuYkmvTlQZfHaITkSle+tM/vhbU4JquRN44VUKACjRGT7UEhoU3lCL1BD0JFGMQGHI+5Mmuwfg==",
      "dependencies": {
        "tslib": "^2.3.0"
      }
    },
    "node_modules/@aws-sdk/util-utf8-browser/node_modules/tslib": {
      "version": "2.3.1",
      "resolved": "https://registry.npmjs.org/tslib/-/tslib-2.3.1.tgz",
      "integrity": "sha512-77EbyPPpMz+FRFRuAFlWMtmgUWGe9UOG2Z25NqCwiIjRhOf5iKGuzSe5P2w1laq+FkRy4p+PCuVkJSGkzTEKVw=="
    },
    "node_modules/tslib": {
      "version": "1.14.1",
      "resolved": "https://registry.npmjs.org/tslib/-/tslib-1.14.1.tgz",
      "integrity": "sha512-Xni35NKzjgMrwevysHTCArtLDpPvye8zV/0E4EyYn43P7/7qvQwPh9BGkHewbMulVntbigmcT7rdX3BNo9wRJg=="
    }
  },
  "dependencies": {
    "@aws-crypto/sha256-js": {
      "version": "2.0.1",
      "resolved": "https://registry.npmjs.org/@aws-crypto/sha256-js/-/sha256-js-2.0.1.tgz",
      "integrity": "sha512-mbHTBSPBvg6o/mN/c18Z/zifM05eJrapj5ggoOIeHIWckvkv5VgGi7r/wYpt+QAO2ySKXLNvH2d8L7bne4xrMQ==",
      "requires": {
        "@aws-crypto/util": "^2.0.1",
        "@aws-sdk/types": "^3.1.0",
        "tslib": "^1.11.1"
      }
    },
    "@aws-crypto/util": {
      "version": "2.0.1",
      "resolved": "https://registry.npmjs.org/@aws-crypto/util/-/util-2.0.1.tgz",
      "integrity": "sha512-JJmFFwvbm08lULw4Nm5QOLg8+lAQeC8aCXK5xrtxntYzYXCGfHwUJ4Is3770Q7HmICsXthGQ+ZsDL7C2uH3yBQ==",
      "requires": {
        "@aws-sdk/types": "^3.1.0",
        "@aws-sdk/util-utf8-browser": "^3.0.0",
        "tslib": "^1.11.1"
      }
    },
    "@aws-sdk/types": {
      "version": "3.52.0",
      "resolved": "https://registry.npmjs.org/@aws-sdk/types/-/types-3.52.0.tgz",
      "integrity": "sha512-5deI1v6Fr7/a+TT9hPuiy6I/L/7uJTda3q3DEvUd0CsGbBB/fcDXJg8jlnMHcmw7mkfP9vE553ZJQS3Cb0v4vg=="
    },
    "@aws-sdk/util-utf8-browser": {
      "version": "3.52.0",
      "resolved": "https://registry.npmjs.org/@aws-sdk/util-utf8-browser/-/util-utf8-browser-3.52.0.tgz",
      "integrity": "sha512-LuOMa9ajWu5fQuYkmvTlQZfHaITkSle+tM/vhbU4JquRN44VUKACjRGT7UEhoU3lCL1BD0JFGMQGHI+5Mmuwfg==",
      "requires": {
        "tslib": "^2.3.0"
      },
      "dependencies": {
        "tslib": {
          "version": "2.3.1",
          "resolved": "https://registry.npmjs.org/tslib/-/tslib-2.3.1.tgz",
          "integrity": "sha512-77EbyPPpMz+FRFRuAFlWMtmgUWGe9UOG2Z25NqCwiIjRhOf5iKGuzSe5P2w1laq+FkRy4p+PCuVkJSGkzTEKVw=="
        }
      }
    },
    "tslib": {
      "version": "1.14.1",
      "resolved": "https://registry.npmjs.org/tslib/-/tslib-1.14.1.tgz",
      "integrity": "sha512-Xni35NKzjgMrwevysHTCArtLDpPvye8zV/0E4EyYn43P7/7qvQwPh9BGkHewbMulVntbigmcT7rdX3BNo9wRJg=="
    }
  }
}
